
Microsoft Visual Studio Solution File, Format Version 12.00
# Visual Studio 15
VisualStudioVersion = 15.0.27703.2035
MinimumVisualStudioVersion = 10.0.40219.1
Project("{9A19103F-16F7-4668-BE54-9A1E7A4F7556}") = "Airport.WebApi", "Airport.WebApi\Airport.WebApi.csproj", "{F33DB123-65FA-44AE-A4BB-E5C7A6BC9E0E}"
EndProject
Project("{E53339B2-1760-4266-BCC7-CA923CBCF16C}") = "docker-compose", "docker-compose.dcproj", "{D3125319-0C59-4DB1-8758-E11EE1FE43C6}"
EndProject
Project("{9A19103F-16F7-4668-BE54-9A1E7A4F7556}") = "Airport.Common", "..\Airport.Common\Airport.Common.csproj", "{2DD2EBFA-8655-4F7D-9341-AB749321A09C}"
EndProject
Project("{9A19103F-16F7-4668-BE54-9A1E7A4F7556}") = "AirportEf.DAL", "..\AirportEf.DAL\AirportEf.DAL.csproj", "{570C2FF2-826F-4D2C-B84A-5420A0C9D4C2}"
EndProject
Project("{9A19103F-16F7-4668-BE54-9A1E7A4F7556}") = "AirportEf.BLL", "..\AirportEf.BLL\AirportEf.BLL.csproj", "{CAA76AEF-C163-4EFD-AE23-A49FFCE51357}"
EndProject
Project("{2150E333-8FDC-42A3-9474-1A3956D46DE8}") = "src", "src", "{C0CAAEFA-078B-40A4-A0FF-72247365E395}"
EndProject
Project("{2150E333-8FDC-42A3-9474-1A3956D46DE8}") = "tests", "tests", "{32DCCD58-D674-4437-84F7-CFD39AC5922A}"
EndProject
Project("{9A19103F-16F7-4668-BE54-9A1E7A4F7556}") = "Airport.WebApi.Tests", "Airport.WebApi.Tests\Airport.WebApi.Tests.csproj", "{13620A49-8ECA-4EF1-B0C1-9DDEFA94D033}"
EndProject
Project("{9A19103F-16F7-4668-BE54-9A1E7A4F7556}") = "Airport.BLL.Tests", "..\Airport.BLL.Tests\Airport.BLL.Tests.csproj", "{B3830985-1B40-4D27-A181-A20F64D7C180}"
EndProject
Project("{9A19103F-16F7-4668-BE54-9A1E7A4F7556}") = "Airport.Common.Tests", "..\Airport.Common.Tests\Airport.Common.Tests.csproj", "{02C1D12B-A82E-4717-A1FE-700063402E7C}"
EndProject
Project("{9A19103F-16F7-4668-BE54-9A1E7A4F7556}") = "ConsoleClient", "ConsoleClient\ConsoleClient.csproj", "{3654DF6E-0CFB-434A-8FB6-9EA946402776}"
EndProject
Project("{FAE04EC0-301F-11D3-BF4B-00C04F79EFBC}") = "ClientLight", "ClientLight\ClientLight.csproj", "{32A6F2A3-DD04-4D74-8F16-AA29658A5441}"
EndProject
Global
	GlobalSection(SolutionConfigurationPlatforms) = preSolution
		Debug|Any CPU = Debug|Any CPU
		Debug|ARM = Debug|ARM
		Debug|x64 = Debug|x64
		Debug|x86 = Debug|x86
		Release|Any CPU = Release|Any CPU
		Release|ARM = Release|ARM
		Release|x64 = Release|x64
		Release|x86 = Release|x86
	EndGlobalSection
	GlobalSection(ProjectConfigurationPlatforms) = postSolution
		{F33DB123-65FA-44AE-A4BB-E5C7A6BC9E0E}.Debug|Any CPU.ActiveCfg = Debug|Any CPU
		{F33DB123-65FA-44AE-A4BB-E5C7A6BC9E0E}.Debug|Any CPU.Build.0 = Debug|Any CPU
		{F33DB123-65FA-44AE-A4BB-E5C7A6BC9E0E}.Debug|ARM.ActiveCfg = Debug|Any CPU
		{F33DB123-65FA-44AE-A4BB-E5C7A6BC9E0E}.Debug|ARM.Build.0 = Debug|Any CPU
		{F33DB123-65FA-44AE-A4BB-E5C7A6BC9E0E}.Debug|x64.ActiveCfg = Debug|Any CPU
		{F33DB123-65FA-44AE-A4BB-E5C7A6BC9E0E}.Debug|x64.Build.0 = Debug|Any CPU
		{F33DB123-65FA-44AE-A4BB-E5C7A6BC9E0E}.Debug|x86.ActiveCfg = Debug|Any CPU
		{F33DB123-65FA-44AE-A4BB-E5C7A6BC9E0E}.Debug|x86.Build.0 = Debug|Any CPU
		{F33DB123-65FA-44AE-A4BB-E5C7A6BC9E0E}.Release|Any CPU.ActiveCfg = Release|Any CPU
		{F33DB123-65FA-44AE-A4BB-E5C7A6BC9E0E}.Release|Any CPU.Build.0 = Release|Any CPU
		{F33DB123-65FA-44AE-A4BB-E5C7A6BC9E0E}.Release|ARM.ActiveCfg = Release|Any CPU
		{F33DB123-65FA-44AE-A4BB-E5C7A6BC9E0E}.Release|ARM.Build.0 = Release|Any CPU
		{F33DB123-65FA-44AE-A4BB-E5C7A6BC9E0E}.Release|x64.ActiveCfg = Release|Any CPU
		{F33DB123-65FA-44AE-A4BB-E5C7A6BC9E0E}.Release|x64.Build.0 = Release|Any CPU
		{F33DB123-65FA-44AE-A4BB-E5C7A6BC9E0E}.Release|x86.ActiveCfg = Release|Any CPU
		{F33DB123-65FA-44AE-A4BB-E5C7A6BC9E0E}.Release|x86.Build.0 = Release|Any CPU
		{D3125319-0C59-4DB1-8758-E11EE1FE43C6}.Debug|Any CPU.ActiveCfg = Debug|Any CPU
		{D3125319-0C59-4DB1-8758-E11EE1FE43C6}.Debug|Any CPU.Build.0 = Debug|Any CPU
		{D3125319-0C59-4DB1-8758-E11EE1FE43C6}.Debug|ARM.ActiveCfg = Debug|Any CPU
		{D3125319-0C59-4DB1-8758-E11EE1FE43C6}.Debug|ARM.Build.0 = Debug|Any CPU
		{D3125319-0C59-4DB1-8758-E11EE1FE43C6}.Debug|x64.ActiveCfg = Debug|Any CPU
		{D3125319-0C59-4DB1-8758-E11EE1FE43C6}.Debug|x64.Build.0 = Debug|Any CPU
		{D3125319-0C59-4DB1-8758-E11EE1FE43C6}.Debug|x86.ActiveCfg = Debug|Any CPU
		{D3125319-0C59-4DB1-8758-E11EE1FE43C6}.Debug|x86.Build.0 = Debug|Any CPU
		{D3125319-0C59-4DB1-8758-E11EE1FE43C6}.Release|Any CPU.ActiveCfg = Release|Any CPU
		{D3125319-0C59-4DB1-8758-E11EE1FE43C6}.Release|Any CPU.Build.0 = Release|Any CPU
		{D3125319-0C59-4DB1-8758-E11EE1FE43C6}.Release|ARM.ActiveCfg = Release|Any CPU
		{D3125319-0C59-4DB1-8758-E11EE1FE43C6}.Release|ARM.Build.0 = Release|Any CPU
		{D3125319-0C59-4DB1-8758-E11EE1FE43C6}.Release|x64.ActiveCfg = Release|Any CPU
		{D3125319-0C59-4DB1-8758-E11EE1FE43C6}.Release|x64.Build.0 = Release|Any CPU
		{D3125319-0C59-4DB1-8758-E11EE1FE43C6}.Release|x86.ActiveCfg = Release|Any CPU
		{D3125319-0C59-4DB1-8758-E11EE1FE43C6}.Release|x86.Build.0 = Release|Any CPU
		{2DD2EBFA-8655-4F7D-9341-AB749321A09C}.Debug|Any CPU.ActiveCfg = Debug|Any CPU
		{2DD2EBFA-8655-4F7D-9341-AB749321A09C}.Debug|Any CPU.Build.0 = Debug|Any CPU
		{2DD2EBFA-8655-4F7D-9341-AB749321A09C}.Debug|ARM.ActiveCfg = Debug|Any CPU
		{2DD2EBFA-8655-4F7D-9341-AB749321A09C}.Debug|ARM.Build.0 = Debug|Any CPU
		{2DD2EBFA-8655-4F7D-9341-AB749321A09C}.Debug|x64.ActiveCfg = Debug|Any CPU
		{2DD2EBFA-8655-4F7D-9341-AB749321A09C}.Debug|x64.Build.0 = Debug|Any CPU
		{2DD2EBFA-8655-4F7D-9341-AB749321A09C}.Debug|x86.ActiveCfg = Debug|Any CPU
		{2DD2EBFA-8655-4F7D-9341-AB749321A09C}.Debug|x86.Build.0 = Debug|Any CPU
		{2DD2EBFA-8655-4F7D-9341-AB749321A09C}.Release|Any CPU.ActiveCfg = Release|Any CPU
		{2DD2EBFA-8655-4F7D-9341-AB749321A09C}.Release|Any CPU.Build.0 = Release|Any CPU
		{2DD2EBFA-8655-4F7D-9341-AB749321A09C}.Release|ARM.ActiveCfg = Release|Any CPU
		{2DD2EBFA-8655-4F7D-9341-AB749321A09C}.Release|ARM.Build.0 = Release|Any CPU
		{2DD2EBFA-8655-4F7D-9341-AB749321A09C}.Release|x64.ActiveCfg = Release|Any CPU
		{2DD2EBFA-8655-4F7D-9341-AB749321A09C}.Release|x64.Build.0 = Release|Any CPU
		{2DD2EBFA-8655-4F7D-9341-AB749321A09C}.Release|x86.ActiveCfg = Release|Any CPU
		{2DD2EBFA-8655-4F7D-9341-AB749321A09C}.Release|x86.Build.0 = Release|Any CPU
		{570C2FF2-826F-4D2C-B84A-5420A0C9D4C2}.Debug|Any CPU.ActiveCfg = Debug|Any CPU
		{570C2FF2-826F-4D2C-B84A-5420A0C9D4C2}.Debug|Any CPU.Build.0 = Debug|Any CPU
		{570C2FF2-826F-4D2C-B84A-5420A0C9D4C2}.Debug|ARM.ActiveCfg = Debug|Any CPU
		{570C2FF2-826F-4D2C-B84A-5420A0C9D4C2}.Debug|ARM.Build.0 = Debug|Any CPU
		{570C2FF2-826F-4D2C-B84A-5420A0C9D4C2}.Debug|x64.ActiveCfg = Debug|Any CPU
		{570C2FF2-826F-4D2C-B84A-5420A0C9D4C2}.Debug|x64.Build.0 = Debug|Any CPU
		{570C2FF2-826F-4D2C-B84A-5420A0C9D4C2}.Debug|x86.ActiveCfg = Debug|Any CPU
		{570C2FF2-826F-4D2C-B84A-5420A0C9D4C2}.Debug|x86.Build.0 = Debug|Any CPU
		{570C2FF2-826F-4D2C-B84A-5420A0C9D4C2}.Release|Any CPU.ActiveCfg = Release|Any CPU
		{570C2FF2-826F-4D2C-B84A-5420A0C9D4C2}.Release|Any CPU.Build.0 = Release|Any CPU
		{570C2FF2-826F-4D2C-B84A-5420A0C9D4C2}.Release|ARM.ActiveCfg = Release|Any CPU
		{570C2FF2-826F-4D2C-B84A-5420A0C9D4C2}.Release|ARM.Build.0 = Release|Any CPU
		{570C2FF2-826F-4D2C-B84A-5420A0C9D4C2}.Release|x64.ActiveCfg = Release|Any CPU
		{570C2FF2-826F-4D2C-B84A-5420A0C9D4C2}.Release|x64.Build.0 = Release|Any CPU
		{570C2FF2-826F-4D2C-B84A-5420A0C9D4C2}.Release|x86.ActiveCfg = Release|Any CPU
		{570C2FF2-826F-4D2C-B84A-5420A0C9D4C2}.Release|x86.Build.0 = Release|Any CPU
		{CAA76AEF-C163-4EFD-AE23-A49FFCE51357}.Debug|Any CPU.ActiveCfg = Debug|Any CPU
		{CAA76AEF-C163-4EFD-AE23-A49FFCE51357}.Debug|Any CPU.Build.0 = Debug|Any CPU
		{CAA76AEF-C163-4EFD-AE23-A49FFCE51357}.Debug|ARM.ActiveCfg = Debug|Any CPU
		{CAA76AEF-C163-4EFD-AE23-A49FFCE51357}.Debug|ARM.Build.0 = Debug|Any CPU
		{CAA76AEF-C163-4EFD-AE23-A49FFCE51357}.Debug|x64.ActiveCfg = Debug|Any CPU
		{CAA76AEF-C163-4EFD-AE23-A49FFCE51357}.Debug|x64.Build.0 = Debug|Any CPU
		{CAA76AEF-C163-4EFD-AE23-A49FFCE51357}.Debug|x86.ActiveCfg = Debug|Any CPU
		{CAA76AEF-C163-4EFD-AE23-A49FFCE51357}.Debug|x86.Build.0 = Debug|Any CPU
		{CAA76AEF-C163-4EFD-AE23-A49FFCE51357}.Release|Any CPU.ActiveCfg = Release|Any CPU
		{CAA76AEF-C163-4EFD-AE23-A49FFCE51357}.Release|Any CPU.Build.0 = Release|Any CPU
		{CAA76AEF-C163-4EFD-AE23-A49FFCE51357}.Release|ARM.ActiveCfg = Release|Any CPU
		{CAA76AEF-C163-4EFD-AE23-A49FFCE51357}.Release|ARM.Build.0 = Release|Any CPU
		{CAA76AEF-C163-4EFD-AE23-A49FFCE51357}.Release|x64.ActiveCfg = Release|Any CPU
		{CAA76AEF-C163-4EFD-AE23-A49FFCE51357}.Release|x64.Build.0 = Release|Any CPU
		{CAA76AEF-C163-4EFD-AE23-A49FFCE51357}.Release|x86.ActiveCfg = Release|Any CPU
		{CAA76AEF-C163-4EFD-AE23-A49FFCE51357}.Release|x86.Build.0 = Release|Any CPU
		{13620A49-8ECA-4EF1-B0C1-9DDEFA94D033}.Debug|Any CPU.ActiveCfg = Debug|Any CPU
		{13620A49-8ECA-4EF1-B0C1-9DDEFA94D033}.Debug|Any CPU.Build.0 = Debug|Any CPU
		{13620A49-8ECA-4EF1-B0C1-9DDEFA94D033}.Debug|ARM.ActiveCfg = Debug|Any CPU
		{13620A49-8ECA-4EF1-B0C1-9DDEFA94D033}.Debug|ARM.Build.0 = Debug|Any CPU
		{13620A49-8ECA-4EF1-B0C1-9DDEFA94D033}.Debug|x64.ActiveCfg = Debug|Any CPU
		{13620A49-8ECA-4EF1-B0C1-9DDEFA94D033}.Debug|x64.Build.0 = Debug|Any CPU
		{13620A49-8ECA-4EF1-B0C1-9DDEFA94D033}.Debug|x86.ActiveCfg = Debug|Any CPU
		{13620A49-8ECA-4EF1-B0C1-9DDEFA94D033}.Debug|x86.Build.0 = Debug|Any CPU
		{13620A49-8ECA-4EF1-B0C1-9DDEFA94D033}.Release|Any CPU.ActiveCfg = Release|Any CPU
		{13620A49-8ECA-4EF1-B0C1-9DDEFA94D033}.Release|Any CPU.Build.0 = Release|Any CPU
		{13620A49-8ECA-4EF1-B0C1-9DDEFA94D033}.Release|ARM.ActiveCfg = Release|Any CPU
		{13620A49-8ECA-4EF1-B0C1-9DDEFA94D033}.Release|ARM.Build.0 = Release|Any CPU
		{13620A49-8ECA-4EF1-B0C1-9DDEFA94D033}.Release|x64.ActiveCfg = Release|Any CPU
		{13620A49-8ECA-4EF1-B0C1-9DDEFA94D033}.Release|x64.Build.0 = Release|Any CPU
		{13620A49-8ECA-4EF1-B0C1-9DDEFA94D033}.Release|x86.ActiveCfg = Release|Any CPU
		{13620A49-8ECA-4EF1-B0C1-9DDEFA94D033}.Release|x86.Build.0 = Release|Any CPU
		{B3830985-1B40-4D27-A181-A20F64D7C180}.Debug|Any CPU.ActiveCfg = Debug|Any CPU
		{B3830985-1B40-4D27-A181-A20F64D7C180}.Debug|Any CPU.Build.0 = Debug|Any CPU
		{B3830985-1B40-4D27-A181-A20F64D7C180}.Debug|ARM.ActiveCfg = Debug|Any CPU
		{B3830985-1B40-4D27-A181-A20F64D7C180}.Debug|ARM.Build.0 = Debug|Any CPU
		{B3830985-1B40-4D27-A181-A20F64D7C180}.Debug|x64.ActiveCfg = Debug|Any CPU
		{B3830985-1B40-4D27-A181-A20F64D7C180}.Debug|x64.Build.0 = Debug|Any CPU
		{B3830985-1B40-4D27-A181-A20F64D7C180}.Debug|x86.ActiveCfg = Debug|Any CPU
		{B3830985-1B40-4D27-A181-A20F64D7C180}.Debug|x86.Build.0 = Debug|Any CPU
		{B3830985-1B40-4D27-A181-A20F64D7C180}.Release|Any CPU.ActiveCfg = Release|Any CPU
		{B3830985-1B40-4D27-A181-A20F64D7C180}.Release|Any CPU.Build.0 = Release|Any CPU
		{B3830985-1B40-4D27-A181-A20F64D7C180}.Release|ARM.ActiveCfg = Release|Any CPU
		{B3830985-1B40-4D27-A181-A20F64D7C180}.Release|ARM.Build.0 = Release|Any CPU
		{B3830985-1B40-4D27-A181-A20F64D7C180}.Release|x64.ActiveCfg = Release|Any CPU
		{B3830985-1B40-4D27-A181-A20F64D7C180}.Release|x64.Build.0 = Release|Any CPU
		{B3830985-1B40-4D27-A181-A20F64D7C180}.Release|x86.ActiveCfg = Release|Any CPU
		{B3830985-1B40-4D27-A181-A20F64D7C180}.Release|x86.Build.0 = Release|Any CPU
		{02C1D12B-A82E-4717-A1FE-700063402E7C}.Debug|Any CPU.ActiveCfg = Debug|Any CPU
		{02C1D12B-A82E-4717-A1FE-700063402E7C}.Debug|Any CPU.Build.0 = Debug|Any CPU
		{02C1D12B-A82E-4717-A1FE-700063402E7C}.Debug|ARM.ActiveCfg = Debug|Any CPU
		{02C1D12B-A82E-4717-A1FE-700063402E7C}.Debug|ARM.Build.0 = Debug|Any CPU
		{02C1D12B-A82E-4717-A1FE-700063402E7C}.Debug|x64.ActiveCfg = Debug|Any CPU
		{02C1D12B-A82E-4717-A1FE-700063402E7C}.Debug|x64.Build.0 = Debug|Any CPU
		{02C1D12B-A82E-4717-A1FE-700063402E7C}.Debug|x86.ActiveCfg = Debug|Any CPU
		{02C1D12B-A82E-4717-A1FE-700063402E7C}.Debug|x86.Build.0 = Debug|Any CPU
		{02C1D12B-A82E-4717-A1FE-700063402E7C}.Release|Any CPU.ActiveCfg = Release|Any CPU
		{02C1D12B-A82E-4717-A1FE-700063402E7C}.Release|Any CPU.Build.0 = Release|Any CPU
		{02C1D12B-A82E-4717-A1FE-700063402E7C}.Release|ARM.ActiveCfg = Release|Any CPU
		{02C1D12B-A82E-4717-A1FE-700063402E7C}.Release|ARM.Build.0 = Release|Any CPU
		{02C1D12B-A82E-4717-A1FE-700063402E7C}.Release|x64.ActiveCfg = Release|Any CPU
		{02C1D12B-A82E-4717-A1FE-700063402E7C}.Release|x64.Build.0 = Release|Any CPU
		{02C1D12B-A82E-4717-A1FE-700063402E7C}.Release|x86.ActiveCfg = Release|Any CPU
		{02C1D12B-A82E-4717-A1FE-700063402E7C}.Release|x86.Build.0 = Release|Any CPU
		{3654DF6E-0CFB-434A-8FB6-9EA946402776}.Debug|Any CPU.ActiveCfg = Debug|Any CPU
		{3654DF6E-0CFB-434A-8FB6-9EA946402776}.Debug|Any CPU.Build.0 = Debug|Any CPU
		{3654DF6E-0CFB-434A-8FB6-9EA946402776}.Debug|ARM.ActiveCfg = Debug|Any CPU
		{3654DF6E-0CFB-434A-8FB6-9EA946402776}.Debug|ARM.Build.0 = Debug|Any CPU
		{3654DF6E-0CFB-434A-8FB6-9EA946402776}.Debug|x64.ActiveCfg = Debug|Any CPU
		{3654DF6E-0CFB-434A-8FB6-9EA946402776}.Debug|x64.Build.0 = Debug|Any CPU
		{3654DF6E-0CFB-434A-8FB6-9EA946402776}.Debug|x86.ActiveCfg = Debug|Any CPU
		{3654DF6E-0CFB-434A-8FB6-9EA946402776}.Debug|x86.Build.0 = Debug|Any CPU
		{3654DF6E-0CFB-434A-8FB6-9EA946402776}.Release|Any CPU.ActiveCfg = Release|Any CPU
		{3654DF6E-0CFB-434A-8FB6-9EA946402776}.Release|Any CPU.Build.0 = Release|Any CPU
		{3654DF6E-0CFB-434A-8FB6-9EA946402776}.Release|ARM.ActiveCfg = Release|Any CPU
		{3654DF6E-0CFB-434A-8FB6-9EA946402776}.Release|ARM.Build.0 = Release|Any CPU
		{3654DF6E-0CFB-434A-8FB6-9EA946402776}.Release|x64.ActiveCfg = Release|Any CPU
		{3654DF6E-0CFB-434A-8FB6-9EA946402776}.Release|x64.Build.0 = Release|Any CPU
		{3654DF6E-0CFB-434A-8FB6-9EA946402776}.Release|x86.ActiveCfg = Release|Any CPU
		{3654DF6E-0CFB-434A-8FB6-9EA946402776}.Release|x86.Build.0 = Release|Any CPU
		{32A6F2A3-DD04-4D74-8F16-AA29658A5441}.Debug|Any CPU.ActiveCfg = Debug|x86
		{32A6F2A3-DD04-4D74-8F16-AA29658A5441}.Debug|Any CPU.Build.0 = Debug|x86
		{32A6F2A3-DD04-4D74-8F16-AA29658A5441}.Debug|Any CPU.Deploy.0 = Debug|x86
		{32A6F2A3-DD04-4D74-8F16-AA29658A5441}.Debug|ARM.ActiveCfg = Debug|ARM
		{32A6F2A3-DD04-4D74-8F16-AA29658A5441}.Debug|ARM.Build.0 = Debug|ARM
		{32A6F2A3-DD04-4D74-8F16-AA29658A5441}.Debug|ARM.Deploy.0 = Debug|ARM
		{32A6F2A3-DD04-4D74-8F16-AA29658A5441}.Debug|x64.ActiveCfg = Debug|x64
		{32A6F2A3-DD04-4D74-8F16-AA29658A5441}.Debug|x64.Build.0 = Debug|x64
		{32A6F2A3-DD04-4D74-8F16-AA29658A5441}.Debug|x64.Deploy.0 = Debug|x64
		{32A6F2A3-DD04-4D74-8F16-AA29658A5441}.Debug|x86.ActiveCfg = Debug|x86
		{32A6F2A3-DD04-4D74-8F16-AA29658A5441}.Debug|x86.Build.0 = Debug|x86
		{32A6F2A3-DD04-4D74-8F16-AA29658A5441}.Debug|x86.Deploy.0 = Debug|x86
		{32A6F2A3-DD04-4D74-8F16-AA29658A5441}.Release|Any CPU.ActiveCfg = Release|x86
		{32A6F2A3-DD04-4D74-8F16-AA29658A5441}.Release|ARM.ActiveCfg = Release|ARM
		{32A6F2A3-DD04-4D74-8F16-AA29658A5441}.Release|ARM.Build.0 = Release|ARM
		{32A6F2A3-DD04-4D74-8F16-AA29658A5441}.Release|ARM.Deploy.0 = Release|ARM
		{32A6F2A3-DD04-4D74-8F16-AA29658A5441}.Release|x64.ActiveCfg = Release|x64
		{32A6F2A3-DD04-4D74-8F16-AA29658A5441}.Release|x64.Build.0 = Release|x64
		{32A6F2A3-DD04-4D74-8F16-AA29658A5441}.Release|x64.Deploy.0 = Release|x64
		{32A6F2A3-DD04-4D74-8F16-AA29658A5441}.Release|x86.ActiveCfg = Release|x86
		{32A6F2A3-DD04-4D74-8F16-AA29658A5441}.Release|x86.Build.0 = Release|x86
		{32A6F2A3-DD04-4D74-8F16-AA29658A5441}.Release|x86.Deploy.0 = Release|x86
	EndGlobalSection
	GlobalSection(SolutionProperties) = preSolution
		HideSolutionNode = FALSE
	EndGlobalSection
	GlobalSection(NestedProjects) = preSolution
		{F33DB123-65FA-44AE-A4BB-E5C7A6BC9E0E} = {C0CAAEFA-078B-40A4-A0FF-72247365E395}
		{D3125319-0C59-4DB1-8758-E11EE1FE43C6} = {C0CAAEFA-078B-40A4-A0FF-72247365E395}
		{2DD2EBFA-8655-4F7D-9341-AB749321A09C} = {C0CAAEFA-078B-40A4-A0FF-72247365E395}
		{570C2FF2-826F-4D2C-B84A-5420A0C9D4C2} = {C0CAAEFA-078B-40A4-A0FF-72247365E395}
		{CAA76AEF-C163-4EFD-AE23-A49FFCE51357} = {C0CAAEFA-078B-40A4-A0FF-72247365E395}
		{13620A49-8ECA-4EF1-B0C1-9DDEFA94D033} = {32DCCD58-D674-4437-84F7-CFD39AC5922A}
		{B3830985-1B40-4D27-A181-A20F64D7C180} = {32DCCD58-D674-4437-84F7-CFD39AC5922A}
		{02C1D12B-A82E-4717-A1FE-700063402E7C} = {32DCCD58-D674-4437-84F7-CFD39AC5922A}
		{3654DF6E-0CFB-434A-8FB6-9EA946402776} = {C0CAAEFA-078B-40A4-A0FF-72247365E395}
		{32A6F2A3-DD04-4D74-8F16-AA29658A5441} = {C0CAAEFA-078B-40A4-A0FF-72247365E395}
	EndGlobalSection
	GlobalSection(ExtensibilityGlobals) = postSolution
		SolutionGuid = {8643D40B-4667-4AEC-B28A-58354F53547F}
	EndGlobalSection
EndGlobal
